
Microsoft Visual Studio Solution File, Format Version 12.00
# Visual Studio Version 16
VisualStudioVersion = 16.0.29512.175
MinimumVisualStudioVersion = 10.0.40219.1
Project("{2150E333-8FDC-42A3-9474-1A3956D46DE8}") = "Solution Items", "Solution Items", "{47A149B9-B64C-4DD2-AD05-EAC76BEC98EC}"
	ProjectSection(SolutionItems) = preProject
		.gitignore = .gitignore
		Directory.Build.props = Directory.Build.props
		Icon.png = Icon.png
		LICENSE = LICENSE
		README.md = README.md
	EndProjectSection
EndProject
Project("{9A19103F-16F7-4668-BE54-9A1E7A4F7556}") = "NetFabric.CodeAnalysis", "NetFabric.CodeAnalysis\NetFabric.CodeAnalysis.csproj", "{7127B72B-9EFF-4619-9105-AF4EDFF6A37B}"
EndProject
Project("{9A19103F-16F7-4668-BE54-9A1E7A4F7556}") = "NetFabric.Reflection", "NetFabric.Reflection\NetFabric.Reflection.csproj", "{5C6E0F68-3A44-4D98-8145-9F6E375C093A}"
EndProject
Project("{9A19103F-16F7-4668-BE54-9A1E7A4F7556}") = "NetFabric.UnitTests", "NetFabric.UnitTests\NetFabric.UnitTests.csproj", "{E1036685-1AA8-4A2D-81C0-386F4218C012}"
EndProject
Global
	GlobalSection(SolutionConfigurationPlatforms) = preSolution
		Debug|Any CPU = Debug|Any CPU
		Release|Any CPU = Release|Any CPU
	EndGlobalSection
	GlobalSection(ProjectConfigurationPlatforms) = postSolution
		{7127B72B-9EFF-4619-9105-AF4EDFF6A37B}.Debug|Any CPU.ActiveCfg = Debug|Any CPU
		{7127B72B-9EFF-4619-9105-AF4EDFF6A37B}.Debug|Any CPU.Build.0 = Debug|Any CPU
		{7127B72B-9EFF-4619-9105-AF4EDFF6A37B}.Release|Any CPU.ActiveCfg = Release|Any CPU
		{7127B72B-9EFF-4619-9105-AF4EDFF6A37B}.Release|Any CPU.Build.0 = Release|Any CPU
		{5C6E0F68-3A44-4D98-8145-9F6E375C093A}.Debug|Any CPU.ActiveCfg = Debug|Any CPU
		{5C6E0F68-3A44-4D98-8145-9F6E375C093A}.Debug|Any CPU.Build.0 = Debug|Any CPU
		{5C6E0F68-3A44-4D98-8145-9F6E375C093A}.Release|Any CPU.ActiveCfg = Release|Any CPU
		{5C6E0F68-3A44-4D98-8145-9F6E375C093A}.Release|Any CPU.Build.0 = Release|Any CPU
		{E1036685-1AA8-4A2D-81C0-386F4218C012}.Debug|Any CPU.ActiveCfg = Debug|Any CPU
		{E1036685-1AA8-4A2D-81C0-386F4218C012}.Debug|Any CPU.Build.0 = Debug|Any CPU
		{E1036685-1AA8-4A2D-81C0-386F4218C012}.Release|Any CPU.ActiveCfg = Release|Any CPU
		{E1036685-1AA8-4A2D-81C0-386F4218C012}.Release|Any CPU.Build.0 = Release|Any CPU
	EndGlobalSection
	GlobalSection(SolutionProperties) = preSolution
		HideSolutionNode = FALSE
	EndGlobalSection
	GlobalSection(ExtensibilityGlobals) = postSolution
		SolutionGuid = {3DE254D0-0A8A-4875-96F0-54B63A7238FE}
	EndGlobalSection
EndGlobal
