
Microsoft Visual Studio Solution File, Format Version 12.00
# Visual Studio Version 17
VisualStudioVersion = 17.8.34004.107
MinimumVisualStudioVersion = 10.0.40219.1
Project("{2150E333-8FDC-42A3-9474-1A3956D46DE8}") = "Solution Items", "Solution Items", "{47A149B9-B64C-4DD2-AD05-EAC76BEC98EC}"
	ProjectSection(SolutionItems) = preProject
		.gitignore = .gitignore
		Directory.Build.props = Directory.Build.props
		.github\workflows\dotnetcore.yml = .github\workflows\dotnetcore.yml
		Icon.png = Icon.png
		LICENSE = LICENSE
		README.md = README.md
	EndProjectSection
EndProject
Project("{9A19103F-16F7-4668-BE54-9A1E7A4F7556}") = "NetFabric.CodeAnalysis", "src\NetFabric.CodeAnalysis\NetFabric.CodeAnalysis.csproj", "{F60F569A-9440-4601-B44A-7C9391032B2F}"
EndProject
Project("{9A19103F-16F7-4668-BE54-9A1E7A4F7556}") = "NetFabric.Reflection", "src\NetFabric.Reflection\NetFabric.Reflection.csproj", "{96AE24E8-0050-4BB7-8563-B6339BD51FA3}"
EndProject
Project("{9A19103F-16F7-4668-BE54-9A1E7A4F7556}") = "NetFabric.CSharp.UnitTests", "src\NetFabric.CSharp.UnitTests\NetFabric.CSharp.UnitTests.csproj", "{18011DA8-5383-453D-AD2A-C9C0A8C7A663}"
EndProject
Project("{778DAE3C-4631-46EA-AA77-85C1314464D9}") = "NetFabric.VisualBasic.UnitTests", "src\NetFabric.VisualBasic.UnitTests\NetFabric.VisualBasic.UnitTests.vbproj", "{30692A38-79D9-4CD3-8C45-81CEAA8F5284}"
EndProject
Project("{2150E333-8FDC-42A3-9474-1A3956D46DE8}") = "Docs", "Docs", "{CDACB1E2-4D3D-49D6-BA13-D0337B3C4A7C}"
	ProjectSection(SolutionItems) = preProject
		docs\docfx.json = docs\docfx.json
		docs\index.md = docs\index.md
		docs\toc.yml = docs\toc.yml
	EndProjectSection
EndProject
Project("{2150E333-8FDC-42A3-9474-1A3956D46DE8}") = "Workflows", "Workflows", "{F3A2900C-86C5-456C-9893-9519FBA09E94}"
	ProjectSection(SolutionItems) = preProject
		.github\workflows\docs.yml = .github\workflows\docs.yml
		.github\workflows\dotnetcore.yml = .github\workflows\dotnetcore.yml
	EndProjectSection
EndProject
Global
	GlobalSection(SolutionConfigurationPlatforms) = preSolution
		Debug|Any CPU = Debug|Any CPU
		Release|Any CPU = Release|Any CPU
	EndGlobalSection
	GlobalSection(ProjectConfigurationPlatforms) = postSolution
		{F60F569A-9440-4601-B44A-7C9391032B2F}.Debug|Any CPU.ActiveCfg = Debug|Any CPU
		{F60F569A-9440-4601-B44A-7C9391032B2F}.Debug|Any CPU.Build.0 = Debug|Any CPU
		{F60F569A-9440-4601-B44A-7C9391032B2F}.Release|Any CPU.ActiveCfg = Release|Any CPU
		{F60F569A-9440-4601-B44A-7C9391032B2F}.Release|Any CPU.Build.0 = Release|Any CPU
		{96AE24E8-0050-4BB7-8563-B6339BD51FA3}.Debug|Any CPU.ActiveCfg = Debug|Any CPU
		{96AE24E8-0050-4BB7-8563-B6339BD51FA3}.Debug|Any CPU.Build.0 = Debug|Any CPU
		{96AE24E8-0050-4BB7-8563-B6339BD51FA3}.Release|Any CPU.ActiveCfg = Release|Any CPU
		{96AE24E8-0050-4BB7-8563-B6339BD51FA3}.Release|Any CPU.Build.0 = Release|Any CPU
		{18011DA8-5383-453D-AD2A-C9C0A8C7A663}.Debug|Any CPU.ActiveCfg = Debug|Any CPU
		{18011DA8-5383-453D-AD2A-C9C0A8C7A663}.Debug|Any CPU.Build.0 = Debug|Any CPU
		{18011DA8-5383-453D-AD2A-C9C0A8C7A663}.Release|Any CPU.ActiveCfg = Release|Any CPU
		{18011DA8-5383-453D-AD2A-C9C0A8C7A663}.Release|Any CPU.Build.0 = Release|Any CPU
		{30692A38-79D9-4CD3-8C45-81CEAA8F5284}.Debug|Any CPU.ActiveCfg = Debug|Any CPU
		{30692A38-79D9-4CD3-8C45-81CEAA8F5284}.Debug|Any CPU.Build.0 = Debug|Any CPU
		{30692A38-79D9-4CD3-8C45-81CEAA8F5284}.Release|Any CPU.ActiveCfg = Release|Any CPU
		{30692A38-79D9-4CD3-8C45-81CEAA8F5284}.Release|Any CPU.Build.0 = Release|Any CPU
	EndGlobalSection
	GlobalSection(SolutionProperties) = preSolution
		HideSolutionNode = FALSE
	EndGlobalSection
	GlobalSection(ExtensibilityGlobals) = postSolution
		SolutionGuid = {3DE254D0-0A8A-4875-96F0-54B63A7238FE}
	EndGlobalSection
EndGlobal
